
Microsoft Visual Studio Solution File, Format Version 12.00
# Visual Studio 2012
Project("{FAE04EC0-301F-11D3-BF4B-00C04F79EFBC}") = "ModifiedKh", "ModifiedKh\ModifiedKh.csproj", "{429FC5C9-7151-4B0C-994D-5B303AF12C7D}"
EndProject
Project("{FAE04EC0-301F-11D3-BF4B-00C04F79EFBC}") = "CONNECT_PermMatch_14_ver_1", "CONNECT_PermMatch_14_ver_1\CONNECT_PermMatch_14_ver_1.csproj", "{85C1DF67-A06E-49D1-819B-4A3214CE5590}"
	ProjectSection(ProjectDependencies) = postProject
		{429FC5C9-7151-4B0C-994D-5B303AF12C7D} = {429FC5C9-7151-4B0C-994D-5B303AF12C7D}
	EndProjectSection
EndProject
Global
	GlobalSection(SolutionConfigurationPlatforms) = preSolution
		Debug|Any CPU = Debug|Any CPU
		Debug|Mixed Platforms = Debug|Mixed Platforms
		Debug|x86 = Debug|x86
		Release|Any CPU = Release|Any CPU
		Release|Mixed Platforms = Release|Mixed Platforms
		Release|x86 = Release|x86
	EndGlobalSection
	GlobalSection(ProjectConfigurationPlatforms) = postSolution
		{429FC5C9-7151-4B0C-994D-5B303AF12C7D}.Debug|Any CPU.ActiveCfg = Debug|Any CPU
		{429FC5C9-7151-4B0C-994D-5B303AF12C7D}.Debug|Any CPU.Build.0 = Debug|Any CPU
		{429FC5C9-7151-4B0C-994D-5B303AF12C7D}.Debug|Mixed Platforms.ActiveCfg = Debug|Any CPU
		{429FC5C9-7151-4B0C-994D-5B303AF12C7D}.Debug|Mixed Platforms.Build.0 = Debug|Any CPU
		{429FC5C9-7151-4B0C-994D-5B303AF12C7D}.Debug|x86.ActiveCfg = Debug|Any CPU
		{429FC5C9-7151-4B0C-994D-5B303AF12C7D}.Release|Any CPU.ActiveCfg = Release|Any CPU
		{429FC5C9-7151-4B0C-994D-5B303AF12C7D}.Release|Any CPU.Build.0 = Release|Any CPU
		{429FC5C9-7151-4B0C-994D-5B303AF12C7D}.Release|Mixed Platforms.ActiveCfg = Release|Any CPU
		{429FC5C9-7151-4B0C-994D-5B303AF12C7D}.Release|Mixed Platforms.Build.0 = Release|Any CPU
		{429FC5C9-7151-4B0C-994D-5B303AF12C7D}.Release|x86.ActiveCfg = Release|Any CPU
		{85C1DF67-A06E-49D1-819B-4A3214CE5590}.Debug|Any CPU.ActiveCfg = Debug|Any CPU
		{85C1DF67-A06E-49D1-819B-4A3214CE5590}.Debug|Any CPU.Build.0 = Debug|Any CPU
		{85C1DF67-A06E-49D1-819B-4A3214CE5590}.Debug|Mixed Platforms.ActiveCfg = Debug|Any CPU
		{85C1DF67-A06E-49D1-819B-4A3214CE5590}.Debug|Mixed Platforms.Build.0 = Debug|Any CPU
		{85C1DF67-A06E-49D1-819B-4A3214CE5590}.Debug|x86.ActiveCfg = Debug|Any CPU
		{85C1DF67-A06E-49D1-819B-4A3214CE5590}.Release|Any CPU.ActiveCfg = Release|Any CPU
		{85C1DF67-A06E-49D1-819B-4A3214CE5590}.Release|Any CPU.Build.0 = Release|Any CPU
		{85C1DF67-A06E-49D1-819B-4A3214CE5590}.Release|Mixed Platforms.ActiveCfg = Release|Any CPU
		{85C1DF67-A06E-49D1-819B-4A3214CE5590}.Release|Mixed Platforms.Build.0 = Release|Any CPU
		{85C1DF67-A06E-49D1-819B-4A3214CE5590}.Release|x86.ActiveCfg = Release|Any CPU
	EndGlobalSection
	GlobalSection(SolutionProperties) = preSolution
		HideSolutionNode = FALSE
	EndGlobalSection
EndGlobal
