
Microsoft Visual Studio Solution File, Format Version 12.00
# Visual Studio 2012
Project("{FAE04EC0-301F-11D3-BF4B-00C04F79EFBC}") = "ModifiedKh", "ModifiedKh\ModifiedKh.csproj", "{429FC5C9-7151-4B0C-994D-5B303AF12C7D}"
EndProject
Global
	GlobalSection(SolutionConfigurationPlatforms) = preSolution
		Debug|Any CPU = Debug|Any CPU
		Release|Any CPU = Release|Any CPU
	EndGlobalSection
	GlobalSection(ProjectConfigurationPlatforms) = postSolution
		{429FC5C9-7151-4B0C-994D-5B303AF12C7D}.Debug|Any CPU.ActiveCfg = Debug|Any CPU
		{429FC5C9-7151-4B0C-994D-5B303AF12C7D}.Debug|Any CPU.Build.0 = Debug|Any CPU
		{429FC5C9-7151-4B0C-994D-5B303AF12C7D}.Release|Any CPU.ActiveCfg = Release|Any CPU
		{429FC5C9-7151-4B0C-994D-5B303AF12C7D}.Release|Any CPU.Build.0 = Release|Any CPU
	EndGlobalSection
	GlobalSection(SolutionProperties) = preSolution
		HideSolutionNode = FALSE
	EndGlobalSection
EndGlobal
